
Microsoft Visual Studio Solution File, Format Version 12.00
# Visual Studio Version 17
VisualStudioVersion = 17.1.32407.343
MinimumVisualStudioVersion = 10.0.40219.1
Project("{9A19103F-16F7-4668-BE54-9A1E7A4F7556}") = "Model", "Model\Model.csproj", "{94E67C7B-9A95-4CBD-BDD0-1E5B1BF11AFF}"
EndProject
Project("{9A19103F-16F7-4668-BE54-9A1E7A4F7556}") = "DataAccessLayer", "DataAccessLayer\DataAccessLayer.csproj", "{90677172-EB2E-4156-8BF8-254BCDD1760F}"
EndProject
Project("{9A19103F-16F7-4668-BE54-9A1E7A4F7556}") = "ServiceLayer", "ServiceLayer\ServiceLayer.csproj", "{9F410BA5-5F1D-4032-BD51-022EE4512D52}"
EndProject
Project("{FAE04EC0-301F-11D3-BF4B-00C04F79EFBC}") = "UI", "UI\UI.csproj", "{2D8BBD02-EA07-49A9-A714-9D486E08257D}"
EndProject
Global
	GlobalSection(SolutionConfigurationPlatforms) = preSolution
		Debug|Any CPU = Debug|Any CPU
		Release|Any CPU = Release|Any CPU
	EndGlobalSection
	GlobalSection(ProjectConfigurationPlatforms) = postSolution
		{94E67C7B-9A95-4CBD-BDD0-1E5B1BF11AFF}.Debug|Any CPU.ActiveCfg = Debug|Any CPU
		{94E67C7B-9A95-4CBD-BDD0-1E5B1BF11AFF}.Debug|Any CPU.Build.0 = Debug|Any CPU
		{94E67C7B-9A95-4CBD-BDD0-1E5B1BF11AFF}.Release|Any CPU.ActiveCfg = Release|Any CPU
		{94E67C7B-9A95-4CBD-BDD0-1E5B1BF11AFF}.Release|Any CPU.Build.0 = Release|Any CPU
		{90677172-EB2E-4156-8BF8-254BCDD1760F}.Debug|Any CPU.ActiveCfg = Debug|Any CPU
		{90677172-EB2E-4156-8BF8-254BCDD1760F}.Debug|Any CPU.Build.0 = Debug|Any CPU
		{90677172-EB2E-4156-8BF8-254BCDD1760F}.Release|Any CPU.ActiveCfg = Release|Any CPU
		{90677172-EB2E-4156-8BF8-254BCDD1760F}.Release|Any CPU.Build.0 = Release|Any CPU
		{9F410BA5-5F1D-4032-BD51-022EE4512D52}.Debug|Any CPU.ActiveCfg = Debug|Any CPU
		{9F410BA5-5F1D-4032-BD51-022EE4512D52}.Debug|Any CPU.Build.0 = Debug|Any CPU
		{9F410BA5-5F1D-4032-BD51-022EE4512D52}.Release|Any CPU.ActiveCfg = Release|Any CPU
		{9F410BA5-5F1D-4032-BD51-022EE4512D52}.Release|Any CPU.Build.0 = Release|Any CPU
		{2D8BBD02-EA07-49A9-A714-9D486E08257D}.Debug|Any CPU.ActiveCfg = Debug|Any CPU
		{2D8BBD02-EA07-49A9-A714-9D486E08257D}.Debug|Any CPU.Build.0 = Debug|Any CPU
		{2D8BBD02-EA07-49A9-A714-9D486E08257D}.Release|Any CPU.ActiveCfg = Release|Any CPU
		{2D8BBD02-EA07-49A9-A714-9D486E08257D}.Release|Any CPU.Build.0 = Release|Any CPU
	EndGlobalSection
	GlobalSection(SolutionProperties) = preSolution
		HideSolutionNode = FALSE
	EndGlobalSection
	GlobalSection(ExtensibilityGlobals) = postSolution
		SolutionGuid = {1AABDC0C-E403-4A04-8AFB-DE50D8FFA744}
	EndGlobalSection
EndGlobal
